// !$*UTF8*$!
{
	archiveVersion = 1;
	classes = {
	};
	objectVersion = 50;
	objects = {

/* Begin PBXBuildFile section */
		5E15B5DD2299255B002637C8 /* HeatMap.storyboard in Resources */ = {isa = PBXBuildFile; fileRef = 5E15B5DC2299255B002637C8 /* HeatMap.storyboard */; };
		5E15B5DF229925DD002637C8 /* HeatMapViewController.swift in Sources */ = {isa = PBXBuildFile; fileRef = 5E15B5DE229925DD002637C8 /* HeatMapViewController.swift */; };
		5E15B5E122992609002637C8 /* HeatMap.swift in Sources */ = {isa = PBXBuildFile; fileRef = 5E15B5E022992609002637C8 /* HeatMap.swift */; };
		5E15B5E322992690002637C8 /* dataPoints.json in Resources */ = {isa = PBXBuildFile; fileRef = 5E15B5E222992690002637C8 /* dataPoints.json */; };
		BE66849A67BE0136AE643DB0 /* Pods_SoulPartner.framework in Frameworks */ = {isa = PBXBuildFile; fileRef = 5C8CCD808E6E95BD0E09DC5A /* Pods_SoulPartner.framework */; };
		FDF76A1F2299088F00905231 /* AppDelegate.swift in Sources */ = {isa = PBXBuildFile; fileRef = FDF76A1E2299088F00905231 /* AppDelegate.swift */; };
		FDF76A212299088F00905231 /* ViewController.swift in Sources */ = {isa = PBXBuildFile; fileRef = FDF76A202299088F00905231 /* ViewController.swift */; };
		FDF76A242299088F00905231 /* Main.storyboard in Resources */ = {isa = PBXBuildFile; fileRef = FDF76A222299088F00905231 /* Main.storyboard */; };
		FDF76A262299089000905231 /* Assets.xcassets in Resources */ = {isa = PBXBuildFile; fileRef = FDF76A252299089000905231 /* Assets.xcassets */; };
		FDF76A292299089000905231 /* LaunchScreen.storyboard in Resources */ = {isa = PBXBuildFile; fileRef = FDF76A272299089000905231 /* LaunchScreen.storyboard */; };
/* End PBXBuildFile section */

/* Begin PBXFileReference section */
		10AD1278F052C58061751D65 /* Pods-SoulPartner.debug.xcconfig */ = {isa = PBXFileReference; includeInIndex = 1; lastKnownFileType = text.xcconfig; name = "Pods-SoulPartner.debug.xcconfig"; path = "Pods/Target Support Files/Pods-SoulPartner/Pods-SoulPartner.debug.xcconfig"; sourceTree = "<group>"; };
		5C8CCD808E6E95BD0E09DC5A /* Pods_SoulPartner.framework */ = {isa = PBXFileReference; explicitFileType = wrapper.framework; includeInIndex = 0; path = Pods_SoulPartner.framework; sourceTree = BUILT_PRODUCTS_DIR; };
		5E15B5DC2299255B002637C8 /* HeatMap.storyboard */ = {isa = PBXFileReference; lastKnownFileType = file.storyboard; name = HeatMap.storyboard; path = SoulPartner/HeatMap.storyboard; sourceTree = SOURCE_ROOT; };
		5E15B5DE229925DD002637C8 /* HeatMapViewController.swift */ = {isa = PBXFileReference; lastKnownFileType = sourcecode.swift; name = HeatMapViewController.swift; path = SoulPartner/HeatMapViewController.swift; sourceTree = SOURCE_ROOT; };
		5E15B5E022992609002637C8 /* HeatMap.swift */ = {isa = PBXFileReference; lastKnownFileType = sourcecode.swift; path = HeatMap.swift; sourceTree = "<group>"; };
		5E15B5E222992690002637C8 /* dataPoints.json */ = {isa = PBXFileReference; fileEncoding = 4; lastKnownFileType = text.json; name = dataPoints.json; path = ../../../HeatMap/HeatMap/HeatMap/dataPoints.json; sourceTree = "<group>"; };
		90E83A164EA7DA07DED26138 /* Pods-SoulPartner.release.xcconfig */ = {isa = PBXFileReference; includeInIndex = 1; lastKnownFileType = text.xcconfig; name = "Pods-SoulPartner.release.xcconfig"; path = "Pods/Target Support Files/Pods-SoulPartner/Pods-SoulPartner.release.xcconfig"; sourceTree = "<group>"; };
		FDF76A1B2299088F00905231 /* SoulPartner.app */ = {isa = PBXFileReference; explicitFileType = wrapper.application; includeInIndex = 0; path = SoulPartner.app; sourceTree = BUILT_PRODUCTS_DIR; };
		FDF76A1E2299088F00905231 /* AppDelegate.swift */ = {isa = PBXFileReference; lastKnownFileType = sourcecode.swift; path = AppDelegate.swift; sourceTree = "<group>"; };
		FDF76A202299088F00905231 /* ViewController.swift */ = {isa = PBXFileReference; lastKnownFileType = sourcecode.swift; path = ViewController.swift; sourceTree = "<group>"; };
		FDF76A232299088F00905231 /* Base */ = {isa = PBXFileReference; lastKnownFileType = file.storyboard; name = Base; path = Base.lproj/Main.storyboard; sourceTree = "<group>"; };
		FDF76A252299089000905231 /* Assets.xcassets */ = {isa = PBXFileReference; lastKnownFileType = folder.assetcatalog; path = Assets.xcassets; sourceTree = "<group>"; };
		FDF76A282299089000905231 /* Base */ = {isa = PBXFileReference; lastKnownFileType = file.storyboard; name = Base; path = Base.lproj/LaunchScreen.storyboard; sourceTree = "<group>"; };
		FDF76A2A2299089000905231 /* Info.plist */ = {isa = PBXFileReference; lastKnownFileType = text.plist.xml; path = Info.plist; sourceTree = "<group>"; };
/* End PBXFileReference section */

/* Begin PBXFrameworksBuildPhase section */
		FDF76A182299088F00905231 /* Frameworks */ = {
			isa = PBXFrameworksBuildPhase;
			buildActionMask = 2147483647;
			files = (
				BE66849A67BE0136AE643DB0 /* Pods_SoulPartner.framework in Frameworks */,
			);
			runOnlyForDeploymentPostprocessing = 0;
		};
/* End PBXFrameworksBuildPhase section */

/* Begin PBXGroup section */
		1FEE2ECCDEC80807F3E29241 /* Frameworks */ = {
			isa = PBXGroup;
			children = (
				5C8CCD808E6E95BD0E09DC5A /* Pods_SoulPartner.framework */,
			);
			name = Frameworks;
			sourceTree = "<group>";
		};
		380D5EA74D9829A4AB553511 /* Pods */ = {
			isa = PBXGroup;
			children = (
				10AD1278F052C58061751D65 /* Pods-SoulPartner.debug.xcconfig */,
				90E83A164EA7DA07DED26138 /* Pods-SoulPartner.release.xcconfig */,
			);
			name = Pods;
			sourceTree = "<group>";
		};
		FDF76A122299088F00905231 = {
			isa = PBXGroup;
			children = (
				FDF76A1D2299088F00905231 /* SoulPartner */,
				FDF76A1C2299088F00905231 /* Products */,
				380D5EA74D9829A4AB553511 /* Pods */,
				1FEE2ECCDEC80807F3E29241 /* Frameworks */,
			);
			sourceTree = "<group>";
		};
		FDF76A1C2299088F00905231 /* Products */ = {
			isa = PBXGroup;
			children = (
				FDF76A1B2299088F00905231 /* SoulPartner.app */,
			);
			name = Products;
			sourceTree = "<group>";
		};
		FDF76A1D2299088F00905231 /* SoulPartner */ = {
			isa = PBXGroup;
			children = (
				FDF76A362299094E00905231 /* Database */,
				FDF76A352299092500905231 /* Bluetooth */,
				FDF76A34229908FD00905231 /* VibrationPatterns */,
				FDF76A33229908F100905231 /* LaunchScreen */,
				FDF76A32229908C700905231 /* 3DModel */,
				FDF76A31229908C200905231 /* Messages */,
				FDF76A30229908B900905231 /* HeatMap */,
				FDF76A1E2299088F00905231 /* AppDelegate.swift */,
				FDF76A202299088F00905231 /* ViewController.swift */,
				FDF76A222299088F00905231 /* Main.storyboard */,
				FDF76A252299089000905231 /* Assets.xcassets */,
				FDF76A272299089000905231 /* LaunchScreen.storyboard */,
				FDF76A2A2299089000905231 /* Info.plist */,
			);
			path = SoulPartner;
			sourceTree = "<group>";
		};
		FDF76A30229908B900905231 /* HeatMap */ = {
			isa = PBXGroup;
			children = (
				5E15B5DC2299255B002637C8 /* HeatMap.storyboard */,
				5E15B5DE229925DD002637C8 /* HeatMapViewController.swift */,
				5E15B5E022992609002637C8 /* HeatMap.swift */,
				5E15B5E222992690002637C8 /* dataPoints.json */,
			);
			path = HeatMap;
			sourceTree = "<group>";
		};
		FDF76A31229908C200905231 /* Messages */ = {
			isa = PBXGroup;
			children = (
			);
			path = Messages;
			sourceTree = "<group>";
		};
		FDF76A32229908C700905231 /* 3DModel */ = {
			isa = PBXGroup;
			children = (
			);
			path = 3DModel;
			sourceTree = "<group>";
		};
		FDF76A33229908F100905231 /* LaunchScreen */ = {
			isa = PBXGroup;
			children = (
			);
			path = LaunchScreen;
			sourceTree = "<group>";
		};
		FDF76A34229908FD00905231 /* VibrationPatterns */ = {
			isa = PBXGroup;
			children = (
			);
			path = VibrationPatterns;
			sourceTree = "<group>";
		};
		FDF76A352299092500905231 /* Bluetooth */ = {
			isa = PBXGroup;
			children = (
			);
			path = Bluetooth;
			sourceTree = "<group>";
		};
		FDF76A362299094E00905231 /* Database */ = {
			isa = PBXGroup;
			children = (
			);
			path = Database;
			sourceTree = "<group>";
		};
/* End PBXGroup section */

/* Begin PBXNativeTarget section */
		FDF76A1A2299088F00905231 /* SoulPartner */ = {
			isa = PBXNativeTarget;
			buildConfigurationList = FDF76A2D2299089000905231 /* Build configuration list for PBXNativeTarget "SoulPartner" */;
			buildPhases = (
				94AE3B5EA43F6D87FAA83F90 /* [CP] Check Pods Manifest.lock */,
				FDF76A172299088F00905231 /* Sources */,
				FDF76A182299088F00905231 /* Frameworks */,
				FDF76A192299088F00905231 /* Resources */,
				6A27706777E52271B9F29673 /* [CP] Embed Pods Frameworks */,
			);
			buildRules = (
			);
			dependencies = (
			);
			name = SoulPartner;
			productName = SoulPartner;
			productReference = FDF76A1B2299088F00905231 /* SoulPartner.app */;
			productType = "com.apple.product-type.application";
		};
/* End PBXNativeTarget section */

/* Begin PBXProject section */
		FDF76A132299088F00905231 /* Project object */ = {
			isa = PBXProject;
			attributes = {
				LastSwiftUpdateCheck = 1020;
				LastUpgradeCheck = 1020;
				ORGANIZATIONNAME = "Saikiran Komatineni";
				TargetAttributes = {
					FDF76A1A2299088F00905231 = {
						CreatedOnToolsVersion = 10.2.1;
					};
				};
			};
			buildConfigurationList = FDF76A162299088F00905231 /* Build configuration list for PBXProject "SoulPartner" */;
			compatibilityVersion = "Xcode 9.3";
			developmentRegion = en;
			hasScannedForEncodings = 0;
			knownRegions = (
				en,
				Base,
			);
			mainGroup = FDF76A122299088F00905231;
			productRefGroup = FDF76A1C2299088F00905231 /* Products */;
			projectDirPath = "";
			projectRoot = "";
			targets = (
				FDF76A1A2299088F00905231 /* SoulPartner */,
			);
		};
/* End PBXProject section */

/* Begin PBXResourcesBuildPhase section */
		FDF76A192299088F00905231 /* Resources */ = {
			isa = PBXResourcesBuildPhase;
			buildActionMask = 2147483647;
			files = (
				FDF76A292299089000905231 /* LaunchScreen.storyboard in Resources */,
				5E15B5DD2299255B002637C8 /* HeatMap.storyboard in Resources */,
				FDF76A262299089000905231 /* Assets.xcassets in Resources */,
				5E15B5E322992690002637C8 /* dataPoints.json in Resources */,
				FDF76A242299088F00905231 /* Main.storyboard in Resources */,
			);
			runOnlyForDeploymentPostprocessing = 0;
		};
/* End PBXResourcesBuildPhase section */

/* Begin PBXShellScriptBuildPhase section */
		6A27706777E52271B9F29673 /* [CP] Embed Pods Frameworks */ = {
			isa = PBXShellScriptBuildPhase;
			buildActionMask = 2147483647;
			files = (
			);
			inputFileListPaths = (
			);
			inputPaths = (
				"${SRCROOT}/Pods/Target Support Files/Pods-SoulPartner/Pods-SoulPartner-frameworks.sh",
				"${BUILT_PRODUCTS_DIR}/GoogleUtilities/GoogleUtilities.framework",
				"${BUILT_PRODUCTS_DIR}/nanopb/nanopb.framework",
			);
			name = "[CP] Embed Pods Frameworks";
			outputFileListPaths = (
			);
			outputPaths = (
				"${TARGET_BUILD_DIR}/${FRAMEWORKS_FOLDER_PATH}/GoogleUtilities.framework",
				"${TARGET_BUILD_DIR}/${FRAMEWORKS_FOLDER_PATH}/nanopb.framework",
			);
			runOnlyForDeploymentPostprocessing = 0;
			shellPath = /bin/sh;
			shellScript = "\"${SRCROOT}/Pods/Target Support Files/Pods-SoulPartner/Pods-SoulPartner-frameworks.sh\"\n";
			showEnvVarsInLog = 0;
		};
		94AE3B5EA43F6D87FAA83F90 /* [CP] Check Pods Manifest.lock */ = {
			isa = PBXShellScriptBuildPhase;
			buildActionMask = 2147483647;
			files = (
			);
			inputFileListPaths = (
			);
			inputPaths = (
				"${PODS_PODFILE_DIR_PATH}/Podfile.lock",
				"${PODS_ROOT}/Manifest.lock",
			);
			name = "[CP] Check Pods Manifest.lock";
			outputFileListPaths = (
			);
			outputPaths = (
				"$(DERIVED_FILE_DIR)/Pods-SoulPartner-checkManifestLockResult.txt",
			);
			runOnlyForDeploymentPostprocessing = 0;
			shellPath = /bin/sh;
			shellScript = "diff \"${PODS_PODFILE_DIR_PATH}/Podfile.lock\" \"${PODS_ROOT}/Manifest.lock\" > /dev/null\nif [ $? != 0 ] ; then\n    # print error to STDERR\n    echo \"error: The sandbox is not in sync with the Podfile.lock. Run 'pod install' or update your CocoaPods installation.\" >&2\n    exit 1\nfi\n# This output is used by Xcode 'outputs' to avoid re-running this script phase.\necho \"SUCCESS\" > \"${SCRIPT_OUTPUT_FILE_0}\"\n";
			showEnvVarsInLog = 0;
		};
/* End PBXShellScriptBuildPhase section */

/* Begin PBXSourcesBuildPhase section */
		FDF76A172299088F00905231 /* Sources */ = {
			isa = PBXSourcesBuildPhase;
			buildActionMask = 2147483647;
			files = (
				5E15B5E122992609002637C8 /* HeatMap.swift in Sources */,
				5E15B5DF229925DD002637C8 /* HeatMapViewController.swift in Sources */,
				FDF76A212299088F00905231 /* ViewController.swift in Sources */,
				FDF76A1F2299088F00905231 /* AppDelegate.swift in Sources */,
			);
			runOnlyForDeploymentPostprocessing = 0;
		};
/* End PBXSourcesBuildPhase section */

/* Begin PBXVariantGroup section */
		FDF76A222299088F00905231 /* Main.storyboard */ = {
			isa = PBXVariantGroup;
			children = (
				FDF76A232299088F00905231 /* Base */,
			);
			name = Main.storyboard;
			sourceTree = "<group>";
		};
		FDF76A272299089000905231 /* LaunchScreen.storyboard */ = {
			isa = PBXVariantGroup;
			children = (
				FDF76A282299089000905231 /* Base */,
			);
			name = LaunchScreen.storyboard;
			sourceTree = "<group>";
		};
/* End PBXVariantGroup section */

/* Begin XCBuildConfiguration section */
		FDF76A2B2299089000905231 /* Debug */ = {
			isa = XCBuildConfiguration;
			buildSettings = {
				ALWAYS_SEARCH_USER_PATHS = NO;
				CLANG_ANALYZER_NONNULL = YES;
				CLANG_ANALYZER_NUMBER_OBJECT_CONVERSION = YES_AGGRESSIVE;
				CLANG_CXX_LANGUAGE_STANDARD = "gnu++14";
				CLANG_CXX_LIBRARY = "libc++";
				CLANG_ENABLE_MODULES = YES;
				CLANG_ENABLE_OBJC_ARC = YES;
				CLANG_ENABLE_OBJC_WEAK = YES;
				CLANG_WARN_BLOCK_CAPTURE_AUTORELEASING = YES;
				CLANG_WARN_BOOL_CONVERSION = YES;
				CLANG_WARN_COMMA = YES;
				CLANG_WARN_CONSTANT_CONVERSION = YES;
				CLANG_WARN_DEPRECATED_OBJC_IMPLEMENTATIONS = YES;
				CLANG_WARN_DIRECT_OBJC_ISA_USAGE = YES_ERROR;
				CLANG_WARN_DOCUMENTATION_COMMENTS = YES;
				CLANG_WARN_EMPTY_BODY = YES;
				CLANG_WARN_ENUM_CONVERSION = YES;
				CLANG_WARN_INFINITE_RECURSION = YES;
				CLANG_WARN_INT_CONVERSION = YES;
				CLANG_WARN_NON_LITERAL_NULL_CONVERSION = YES;
				CLANG_WARN_OBJC_IMPLICIT_RETAIN_SELF = YES;
				CLANG_WARN_OBJC_LITERAL_CONVERSION = YES;
				CLANG_WARN_OBJC_ROOT_CLASS = YES_ERROR;
				CLANG_WARN_RANGE_LOOP_ANALYSIS = YES;
				CLANG_WARN_STRICT_PROTOTYPES = YES;
				CLANG_WARN_SUSPICIOUS_MOVE = YES;
				CLANG_WARN_UNGUARDED_AVAILABILITY = YES_AGGRESSIVE;
				CLANG_WARN_UNREACHABLE_CODE = YES;
				CLANG_WARN__DUPLICATE_METHOD_MATCH = YES;
				CODE_SIGN_IDENTITY = "iPhone Developer";
				COPY_PHASE_STRIP = NO;
				DEBUG_INFORMATION_FORMAT = dwarf;
				ENABLE_STRICT_OBJC_MSGSEND = YES;
				ENABLE_TESTABILITY = YES;
				GCC_C_LANGUAGE_STANDARD = gnu11;
				GCC_DYNAMIC_NO_PIC = NO;
				GCC_NO_COMMON_BLOCKS = YES;
				GCC_OPTIMIZATION_LEVEL = 0;
				GCC_PREPROCESSOR_DEFINITIONS = (
					"DEBUG=1",
					"$(inherited)",
				);
				GCC_WARN_64_TO_32_BIT_CONVERSION = YES;
				GCC_WARN_ABOUT_RETURN_TYPE = YES_ERROR;
				GCC_WARN_UNDECLARED_SELECTOR = YES;
				GCC_WARN_UNINITIALIZED_AUTOS = YES_AGGRESSIVE;
				GCC_WARN_UNUSED_FUNCTION = YES;
				GCC_WARN_UNUSED_VARIABLE = YES;
				IPHONEOS_DEPLOYMENT_TARGET = 12.2;
				MTL_ENABLE_DEBUG_INFO = INCLUDE_SOURCE;
				MTL_FAST_MATH = YES;
				ONLY_ACTIVE_ARCH = YES;
				SDKROOT = iphoneos;
				SWIFT_ACTIVE_COMPILATION_CONDITIONS = DEBUG;
				SWIFT_OPTIMIZATION_LEVEL = "-Onone";
			};
			name = Debug;
		};
		FDF76A2C2299089000905231 /* Release */ = {
			isa = XCBuildConfiguration;
			buildSettings = {
				ALWAYS_SEARCH_USER_PATHS = NO;
				CLANG_ANALYZER_NONNULL = YES;
				CLANG_ANALYZER_NUMBER_OBJECT_CONVERSION = YES_AGGRESSIVE;
				CLANG_CXX_LANGUAGE_STANDARD = "gnu++14";
				CLANG_CXX_LIBRARY = "libc++";
				CLANG_ENABLE_MODULES = YES;
				CLANG_ENABLE_OBJC_ARC = YES;
				CLANG_ENABLE_OBJC_WEAK = YES;
				CLANG_WARN_BLOCK_CAPTURE_AUTORELEASING = YES;
				CLANG_WARN_BOOL_CONVERSION = YES;
				CLANG_WARN_COMMA = YES;
				CLANG_WARN_CONSTANT_CONVERSION = YES;
				CLANG_WARN_DEPRECATED_OBJC_IMPLEMENTATIONS = YES;
				CLANG_WARN_DIRECT_OBJC_ISA_USAGE = YES_ERROR;
				CLANG_WARN_DOCUMENTATION_COMMENTS = YES;
				CLANG_WARN_EMPTY_BODY = YES;
				CLANG_WARN_ENUM_CONVERSION = YES;
				CLANG_WARN_INFINITE_RECURSION = YES;
				CLANG_WARN_INT_CONVERSION = YES;
				CLANG_WARN_NON_LITERAL_NULL_CONVERSION = YES;
				CLANG_WARN_OBJC_IMPLICIT_RETAIN_SELF = YES;
				CLANG_WARN_OBJC_LITERAL_CONVERSION = YES;
				CLANG_WARN_OBJC_ROOT_CLASS = YES_ERROR;
				CLANG_WARN_RANGE_LOOP_ANALYSIS = YES;
				CLANG_WARN_STRICT_PROTOTYPES = YES;
				CLANG_WARN_SUSPICIOUS_MOVE = YES;
				CLANG_WARN_UNGUARDED_AVAILABILITY = YES_AGGRESSIVE;
				CLANG_WARN_UNREACHABLE_CODE = YES;
				CLANG_WARN__DUPLICATE_METHOD_MATCH = YES;
				CODE_SIGN_IDENTITY = "iPhone Developer";
				COPY_PHASE_STRIP = NO;
				DEBUG_INFORMATION_FORMAT = "dwarf-with-dsym";
				ENABLE_NS_ASSERTIONS = NO;
				ENABLE_STRICT_OBJC_MSGSEND = YES;
				GCC_C_LANGUAGE_STANDARD = gnu11;
				GCC_NO_COMMON_BLOCKS = YES;
				GCC_WARN_64_TO_32_BIT_CONVERSION = YES;
				GCC_WARN_ABOUT_RETURN_TYPE = YES_ERROR;
				GCC_WARN_UNDECLARED_SELECTOR = YES;
				GCC_WARN_UNINITIALIZED_AUTOS = YES_AGGRESSIVE;
				GCC_WARN_UNUSED_FUNCTION = YES;
				GCC_WARN_UNUSED_VARIABLE = YES;
				IPHONEOS_DEPLOYMENT_TARGET = 12.2;
				MTL_ENABLE_DEBUG_INFO = NO;
				MTL_FAST_MATH = YES;
				SDKROOT = iphoneos;
				SWIFT_COMPILATION_MODE = wholemodule;
				SWIFT_OPTIMIZATION_LEVEL = "-O";
				VALIDATE_PRODUCT = YES;
			};
			name = Release;
		};
		FDF76A2E2299089000905231 /* Debug */ = {
			isa = XCBuildConfiguration;
			baseConfigurationReference = 10AD1278F052C58061751D65 /* Pods-SoulPartner.debug.xcconfig */;
			buildSettings = {
				ASSETCATALOG_COMPILER_APPICON_NAME = AppIcon;
				CODE_SIGN_STYLE = Automatic;
				DEVELOPMENT_TEAM = 8LVMJG2BJ6;
				INFOPLIST_FILE = SoulPartner/Info.plist;
				LD_RUNPATH_SEARCH_PATHS = (
					"$(inherited)",
					"@executable_path/Frameworks",
				);
				PRODUCT_BUNDLE_IDENTIFIER = com.soul.SoulPartner;
				PRODUCT_NAME = "$(TARGET_NAME)";
				SWIFT_VERSION = 5.0;
				TARGETED_DEVICE_FAMILY = "1,2";
			};
			name = Debug;
		};
		FDF76A2F2299089000905231 /* Release */ = {
			isa = XCBuildConfiguration;
			baseConfigurationReference = 90E83A164EA7DA07DED26138 /* Pods-SoulPartner.release.xcconfig */;
			buildSettings = {
				ASSETCATALOG_COMPILER_APPICON_NAME = AppIcon;
				CODE_SIGN_STYLE = Automatic;
				DEVELOPMENT_TEAM = 8LVMJG2BJ6;
				INFOPLIST_FILE = SoulPartner/Info.plist;
				LD_RUNPATH_SEARCH_PATHS = (
					"$(inherited)",
					"@executable_path/Frameworks",
				);
				PRODUCT_BUNDLE_IDENTIFIER = com.soul.SoulPartner;
				PRODUCT_NAME = "$(TARGET_NAME)";
				SWIFT_VERSION = 5.0;
				TARGETED_DEVICE_FAMILY = "1,2";
			};
			name = Release;
		};
/* End XCBuildConfiguration section */

/* Begin XCConfigurationList section */
		FDF76A162299088F00905231 /* Build configuration list for PBXProject "SoulPartner" */ = {
			isa = XCConfigurationList;
			buildConfigurations = (
				FDF76A2B2299089000905231 /* Debug */,
				FDF76A2C2299089000905231 /* Release */,
			);
			defaultConfigurationIsVisible = 0;
			defaultConfigurationName = Release;
		};
		FDF76A2D2299089000905231 /* Build configuration list for PBXNativeTarget "SoulPartner" */ = {
			isa = XCConfigurationList;
			buildConfigurations = (
				FDF76A2E2299089000905231 /* Debug */,
				FDF76A2F2299089000905231 /* Release */,
			);
			defaultConfigurationIsVisible = 0;
			defaultConfigurationName = Release;
		};
/* End XCConfigurationList section */
	};
	rootObject = FDF76A132299088F00905231 /* Project object */;
}
